// !$*UTF8*$!
{
	archiveVersion = 1;
	classes = {
	};
	objectVersion = 48;
	objects = {

/* Begin PBXBuildFile section */
		EB06F0C91F84E1A600326769 /* ProfileViewController.swift in Sources */ = {isa = PBXBuildFile; fileRef = EB06F0C81F84E1A600326769 /* ProfileViewController.swift */; };
		EB08C4A61F7E391800BF5D39 /* avatarPicker.swift in Sources */ = {isa = PBXBuildFile; fileRef = EB08C4A51F7E391800BF5D39 /* avatarPicker.swift */; };
		EB0AE3DF1F97A88E009D3978 /* Cell.swift in Sources */ = {isa = PBXBuildFile; fileRef = EB0AE3DE1F97A88E009D3978 /* Cell.swift */; };
		EB9A94871F9872F0008334F3 /* Pets.swift in Sources */ = {isa = PBXBuildFile; fileRef = EB9A94861F9872F0008334F3 /* Pets.swift */; };
		EB9A948D1F992BE0008334F3 /* TableViewDelegate.swift in Sources */ = {isa = PBXBuildFile; fileRef = EB9A948C1F992BE0008334F3 /* TableViewDelegate.swift */; };
		EB9A948F1F99C513008334F3 /* PetViewController.swift in Sources */ = {isa = PBXBuildFile; fileRef = EB9A948E1F99C513008334F3 /* PetViewController.swift */; };
		EB9A94911F99C930008334F3 /* CreatePetViewController.swift in Sources */ = {isa = PBXBuildFile; fileRef = EB9A94901F99C930008334F3 /* CreatePetViewController.swift */; };
		EB9A94961F99CF0B008334F3 /* CreateViewController.swift in Sources */ = {isa = PBXBuildFile; fileRef = EB9A94951F99CF0B008334F3 /* CreateViewController.swift */; };
		EBE551801F751D0E00B1F2AA /* AppDelegate.swift in Sources */ = {isa = PBXBuildFile; fileRef = EBE5517F1F751D0E00B1F2AA /* AppDelegate.swift */; };
		EBE551821F751D0E00B1F2AA /* ViewController.swift in Sources */ = {isa = PBXBuildFile; fileRef = EBE551811F751D0E00B1F2AA /* ViewController.swift */; };
		EBE551851F751D0E00B1F2AA /* Main.storyboard in Resources */ = {isa = PBXBuildFile; fileRef = EBE551831F751D0E00B1F2AA /* Main.storyboard */; };
		EBE551871F751D0E00B1F2AA /* Assets.xcassets in Resources */ = {isa = PBXBuildFile; fileRef = EBE551861F751D0E00B1F2AA /* Assets.xcassets */; };
		EBE5518A1F751D0E00B1F2AA /* LaunchScreen.storyboard in Resources */ = {isa = PBXBuildFile; fileRef = EBE551881F751D0E00B1F2AA /* LaunchScreen.storyboard */; };
		EBE551941F75284400B1F2AA /* StartViewController.swift in Sources */ = {isa = PBXBuildFile; fileRef = EBE551931F75284400B1F2AA /* StartViewController.swift */; };
		EBE551961F7529CD00B1F2AA /* SignUpViewController.swift in Sources */ = {isa = PBXBuildFile; fileRef = EBE551951F7529CD00B1F2AA /* SignUpViewController.swift */; };
		EBE551981F75300F00B1F2AA /* GoogleService-Info.plist in Resources */ = {isa = PBXBuildFile; fileRef = EBE551971F75300600B1F2AA /* GoogleService-Info.plist */; };
		F1DBD321752C5A7692E8A7C0 /* Pods_LoginFirebase.framework in Frameworks */ = {isa = PBXBuildFile; fileRef = 4C7066E6E0DB1EC44E0B4D91 /* Pods_LoginFirebase.framework */; };
/* End PBXBuildFile section */

/* Begin PBXFileReference section */
		4C7066E6E0DB1EC44E0B4D91 /* Pods_LoginFirebase.framework */ = {isa = PBXFileReference; explicitFileType = wrapper.framework; includeInIndex = 0; path = Pods_LoginFirebase.framework; sourceTree = BUILT_PRODUCTS_DIR; };
		6442BC8A2C9A29C2DB986EB6 /* Pods-LoginFirebase.debug.xcconfig */ = {isa = PBXFileReference; includeInIndex = 1; lastKnownFileType = text.xcconfig; name = "Pods-LoginFirebase.debug.xcconfig"; path = "Pods/Target Support Files/Pods-LoginFirebase/Pods-LoginFirebase.debug.xcconfig"; sourceTree = "<group>"; };
		EB06F0C81F84E1A600326769 /* ProfileViewController.swift */ = {isa = PBXFileReference; lastKnownFileType = sourcecode.swift; path = ProfileViewController.swift; sourceTree = "<group>"; };
		EB08C4A51F7E391800BF5D39 /* avatarPicker.swift */ = {isa = PBXFileReference; lastKnownFileType = sourcecode.swift; path = avatarPicker.swift; sourceTree = "<group>"; };
		EB0AE3DE1F97A88E009D3978 /* Cell.swift */ = {isa = PBXFileReference; lastKnownFileType = sourcecode.swift; path = Cell.swift; sourceTree = "<group>"; };
		EB9A94861F9872F0008334F3 /* Pets.swift */ = {isa = PBXFileReference; lastKnownFileType = sourcecode.swift; path = Pets.swift; sourceTree = "<group>"; };
		EB9A948C1F992BE0008334F3 /* TableViewDelegate.swift */ = {isa = PBXFileReference; lastKnownFileType = sourcecode.swift; path = TableViewDelegate.swift; sourceTree = "<group>"; };
		EB9A948E1F99C513008334F3 /* PetViewController.swift */ = {isa = PBXFileReference; lastKnownFileType = sourcecode.swift; path = PetViewController.swift; sourceTree = "<group>"; };
		EB9A94901F99C930008334F3 /* CreatePetViewController.swift */ = {isa = PBXFileReference; lastKnownFileType = sourcecode.swift; path = CreatePetViewController.swift; sourceTree = "<group>"; };
		EB9A94951F99CF0B008334F3 /* CreateViewController.swift */ = {isa = PBXFileReference; lastKnownFileType = sourcecode.swift; name = CreateViewController.swift; path = "/Users/calle/Library/Autosave Information/Firebase/ViewControllers/CreateViewController.swift"; sourceTree = "<absolute>"; };
		EBE5517C1F751D0E00B1F2AA /* LoginFirebase.app */ = {isa = PBXFileReference; explicitFileType = wrapper.application; includeInIndex = 0; path = LoginFirebase.app; sourceTree = BUILT_PRODUCTS_DIR; };
		EBE5517F1F751D0E00B1F2AA /* AppDelegate.swift */ = {isa = PBXFileReference; lastKnownFileType = sourcecode.swift; path = AppDelegate.swift; sourceTree = "<group>"; };
		EBE551811F751D0E00B1F2AA /* ViewController.swift */ = {isa = PBXFileReference; lastKnownFileType = sourcecode.swift; path = ViewController.swift; sourceTree = "<group>"; };
		EBE551841F751D0E00B1F2AA /* Base */ = {isa = PBXFileReference; lastKnownFileType = file.storyboard; name = Base; path = Base.lproj/Main.storyboard; sourceTree = "<group>"; };
		EBE551861F751D0E00B1F2AA /* Assets.xcassets */ = {isa = PBXFileReference; lastKnownFileType = folder.assetcatalog; path = Assets.xcassets; sourceTree = "<group>"; };
		EBE551891F751D0E00B1F2AA /* Base */ = {isa = PBXFileReference; lastKnownFileType = file.storyboard; name = Base; path = Base.lproj/LaunchScreen.storyboard; sourceTree = "<group>"; };
		EBE5518B1F751D0E00B1F2AA /* Info.plist */ = {isa = PBXFileReference; lastKnownFileType = text.plist.xml; name = Info.plist; path = ViewControllers/Info.plist; sourceTree = "<group>"; };
		EBE551931F75284400B1F2AA /* StartViewController.swift */ = {isa = PBXFileReference; lastKnownFileType = sourcecode.swift; path = StartViewController.swift; sourceTree = "<group>"; };
		EBE551951F7529CD00B1F2AA /* SignUpViewController.swift */ = {isa = PBXFileReference; lastKnownFileType = sourcecode.swift; path = SignUpViewController.swift; sourceTree = "<group>"; };
		EBE551971F75300600B1F2AA /* GoogleService-Info.plist */ = {isa = PBXFileReference; lastKnownFileType = text.plist.xml; path = "GoogleService-Info.plist"; sourceTree = "<group>"; };
		F41211E3BBBFDA59EA613769 /* Pods-LoginFirebase.release.xcconfig */ = {isa = PBXFileReference; includeInIndex = 1; lastKnownFileType = text.xcconfig; name = "Pods-LoginFirebase.release.xcconfig"; path = "Pods/Target Support Files/Pods-LoginFirebase/Pods-LoginFirebase.release.xcconfig"; sourceTree = "<group>"; };
/* End PBXFileReference section */

/* Begin PBXFrameworksBuildPhase section */
		EBE551791F751D0E00B1F2AA /* Frameworks */ = {
			isa = PBXFrameworksBuildPhase;
			buildActionMask = 2147483647;
			files = (
				F1DBD321752C5A7692E8A7C0 /* Pods_LoginFirebase.framework in Frameworks */,
			);
			runOnlyForDeploymentPostprocessing = 0;
		};
/* End PBXFrameworksBuildPhase section */

/* Begin PBXGroup section */
		154188723162F3383B8ED18B /* Frameworks */ = {
			isa = PBXGroup;
			children = (
				4C7066E6E0DB1EC44E0B4D91 /* Pods_LoginFirebase.framework */,
			);
			name = Frameworks;
			sourceTree = "<group>";
		};
		C458E3957FFF8BBA0CF67C2B /* Pods */ = {
			isa = PBXGroup;
			children = (
				6442BC8A2C9A29C2DB986EB6 /* Pods-LoginFirebase.debug.xcconfig */,
				F41211E3BBBFDA59EA613769 /* Pods-LoginFirebase.release.xcconfig */,
			);
			name = Pods;
			sourceTree = "<group>";
		};
		EB0AE3DD1F97A7C9009D3978 /* Objects */ = {
			isa = PBXGroup;
			children = (
				EB0AE3DE1F97A88E009D3978 /* Cell.swift */,
				EB9A94861F9872F0008334F3 /* Pets.swift */,
				EB08C4A51F7E391800BF5D39 /* avatarPicker.swift */,
			);
			path = Objects;
			sourceTree = "<group>";
		};
		EB9A94921F99C93D008334F3 /* Delegates */ = {
			isa = PBXGroup;
			children = (
				EBE5517F1F751D0E00B1F2AA /* AppDelegate.swift */,
				EB9A948C1F992BE0008334F3 /* TableViewDelegate.swift */,
			);
			path = Delegates;
			sourceTree = "<group>";
		};
		EBE551731F751D0E00B1F2AA = {
			isa = PBXGroup;
			children = (
				EBE551831F751D0E00B1F2AA /* Main.storyboard */,
				EB0AE3DD1F97A7C9009D3978 /* Objects */,
				EBE5518B1F751D0E00B1F2AA /* Info.plist */,
				EB9A94921F99C93D008334F3 /* Delegates */,
				EBE5517E1F751D0E00B1F2AA /* ViewControllers */,
				EBE5517D1F751D0E00B1F2AA /* Products */,
				C458E3957FFF8BBA0CF67C2B /* Pods */,
				154188723162F3383B8ED18B /* Frameworks */,
			);
			sourceTree = "<group>";
		};
		EBE5517D1F751D0E00B1F2AA /* Products */ = {
			isa = PBXGroup;
			children = (
				EBE5517C1F751D0E00B1F2AA /* LoginFirebase.app */,
			);
			name = Products;
			sourceTree = "<group>";
		};
		EBE5517E1F751D0E00B1F2AA /* ViewControllers */ = {
			isa = PBXGroup;
			children = (
				EBE551931F75284400B1F2AA /* StartViewController.swift */,
				EB9A948E1F99C513008334F3 /* PetViewController.swift */,
				EB9A94901F99C930008334F3 /* CreatePetViewController.swift */,
				EB9A94951F99CF0B008334F3 /* CreateViewController.swift */,
				EBE551811F751D0E00B1F2AA /* ViewController.swift */,
				EBE551951F7529CD00B1F2AA /* SignUpViewController.swift */,
				EB06F0C81F84E1A600326769 /* ProfileViewController.swift */,
				EBE551861F751D0E00B1F2AA /* Assets.xcassets */,
				EBE551881F751D0E00B1F2AA /* LaunchScreen.storyboard */,
				EBE551971F75300600B1F2AA /* GoogleService-Info.plist */,
			);
			path = ViewControllers;
			sourceTree = "<group>";
		};
/* End PBXGroup section */

/* Begin PBXNativeTarget section */
		EBE5517B1F751D0E00B1F2AA /* LoginFirebase */ = {
			isa = PBXNativeTarget;
			buildConfigurationList = EBE5518E1F751D0E00B1F2AA /* Build configuration list for PBXNativeTarget "LoginFirebase" */;
			buildPhases = (
				E09EE158A353ACF00EF90CA6 /* [CP] Check Pods Manifest.lock */,
				EBE551781F751D0E00B1F2AA /* Sources */,
				EBE551791F751D0E00B1F2AA /* Frameworks */,
				EBE5517A1F751D0E00B1F2AA /* Resources */,
				1A5EEFE7E65356D2D909879A /* [CP] Embed Pods Frameworks */,
				CD3BAA206526B7749207754A /* [CP] Copy Pods Resources */,
			);
			buildRules = (
			);
			dependencies = (
			);
			name = LoginFirebase;
			productName = Firebase;
			productReference = EBE5517C1F751D0E00B1F2AA /* LoginFirebase.app */;
			productType = "com.apple.product-type.application";
		};
/* End PBXNativeTarget section */

/* Begin PBXProject section */
		EBE551741F751D0E00B1F2AA /* Project object */ = {
			isa = PBXProject;
			attributes = {
				LastSwiftUpdateCheck = 0900;
				LastUpgradeCheck = 0900;
				ORGANIZATIONNAME = "Calle Engene";
				TargetAttributes = {
					EBE5517B1F751D0E00B1F2AA = {
						CreatedOnToolsVersion = 9.0;
						ProvisioningStyle = Automatic;
					};
				};
			};
			buildConfigurationList = EBE551771F751D0E00B1F2AA /* Build configuration list for PBXProject "LoginFirebase" */;
			compatibilityVersion = "Xcode 8.0";
			developmentRegion = en;
			hasScannedForEncodings = 0;
			knownRegions = (
				en,
				Base,
			);
			mainGroup = EBE551731F751D0E00B1F2AA;
			productRefGroup = EBE5517D1F751D0E00B1F2AA /* Products */;
			projectDirPath = "";
			projectRoot = "";
			targets = (
				EBE5517B1F751D0E00B1F2AA /* LoginFirebase */,
			);
		};
/* End PBXProject section */

/* Begin PBXResourcesBuildPhase section */
		EBE5517A1F751D0E00B1F2AA /* Resources */ = {
			isa = PBXResourcesBuildPhase;
			buildActionMask = 2147483647;
			files = (
				EBE5518A1F751D0E00B1F2AA /* LaunchScreen.storyboard in Resources */,
				EBE551981F75300F00B1F2AA /* GoogleService-Info.plist in Resources */,
				EBE551871F751D0E00B1F2AA /* Assets.xcassets in Resources */,
				EBE551851F751D0E00B1F2AA /* Main.storyboard in Resources */,
			);
			runOnlyForDeploymentPostprocessing = 0;
		};
/* End PBXResourcesBuildPhase section */

/* Begin PBXShellScriptBuildPhase section */
		1A5EEFE7E65356D2D909879A /* [CP] Embed Pods Frameworks */ = {
			isa = PBXShellScriptBuildPhase;
			buildActionMask = 2147483647;
			files = (
			);
			inputPaths = (
				"${SRCROOT}/Pods/Target Support Files/Pods-LoginFirebase/Pods-LoginFirebase-frameworks.sh",
				"${BUILT_PRODUCTS_DIR}/GTMSessionFetcher/GTMSessionFetcher.framework",
				"${BUILT_PRODUCTS_DIR}/GoogleToolboxForMac/GoogleToolboxForMac.framework",
				"${BUILT_PRODUCTS_DIR}/leveldb-library/leveldb.framework",
				"${BUILT_PRODUCTS_DIR}/nanopb/nanopb.framework",
			);
			name = "[CP] Embed Pods Frameworks";
			outputPaths = (
				"${TARGET_BUILD_DIR}/${FRAMEWORKS_FOLDER_PATH}/GTMSessionFetcher.framework",
				"${TARGET_BUILD_DIR}/${FRAMEWORKS_FOLDER_PATH}/GoogleToolboxForMac.framework",
				"${TARGET_BUILD_DIR}/${FRAMEWORKS_FOLDER_PATH}/leveldb.framework",
				"${TARGET_BUILD_DIR}/${FRAMEWORKS_FOLDER_PATH}/nanopb.framework",
			);
			runOnlyForDeploymentPostprocessing = 0;
			shellPath = /bin/sh;
			shellScript = "\"${SRCROOT}/Pods/Target Support Files/Pods-LoginFirebase/Pods-LoginFirebase-frameworks.sh\"\n";
			showEnvVarsInLog = 0;
		};
		CD3BAA206526B7749207754A /* [CP] Copy Pods Resources */ = {
			isa = PBXShellScriptBuildPhase;
			buildActionMask = 2147483647;
			files = (
			);
			inputPaths = (
			);
			name = "[CP] Copy Pods Resources";
			outputPaths = (
			);
			runOnlyForDeploymentPostprocessing = 0;
			shellPath = /bin/sh;
			shellScript = "\"${SRCROOT}/Pods/Target Support Files/Pods-LoginFirebase/Pods-LoginFirebase-resources.sh\"\n";
			showEnvVarsInLog = 0;
		};
		E09EE158A353ACF00EF90CA6 /* [CP] Check Pods Manifest.lock */ = {
			isa = PBXShellScriptBuildPhase;
			buildActionMask = 2147483647;
			files = (
			);
			inputPaths = (
				"${PODS_PODFILE_DIR_PATH}/Podfile.lock",
				"${PODS_ROOT}/Manifest.lock",
			);
			name = "[CP] Check Pods Manifest.lock";
			outputPaths = (
				"$(DERIVED_FILE_DIR)/Pods-LoginFirebase-checkManifestLockResult.txt",
			);
			runOnlyForDeploymentPostprocessing = 0;
			shellPath = /bin/sh;
			shellScript = "diff \"${PODS_PODFILE_DIR_PATH}/Podfile.lock\" \"${PODS_ROOT}/Manifest.lock\" > /dev/null\nif [ $? != 0 ] ; then\n    # print error to STDERR\n    echo \"error: The sandbox is not in sync with the Podfile.lock. Run 'pod install' or update your CocoaPods installation.\" >&2\n    exit 1\nfi\n# This output is used by Xcode 'outputs' to avoid re-running this script phase.\necho \"SUCCESS\" > \"${SCRIPT_OUTPUT_FILE_0}\"\n";
			showEnvVarsInLog = 0;
		};
/* End PBXShellScriptBuildPhase section */

/* Begin PBXSourcesBuildPhase section */
		EBE551781F751D0E00B1F2AA /* Sources */ = {
			isa = PBXSourcesBuildPhase;
			buildActionMask = 2147483647;
			files = (
				EB9A94911F99C930008334F3 /* CreatePetViewController.swift in Sources */,
				EB9A948D1F992BE0008334F3 /* TableViewDelegate.swift in Sources */,
				EB06F0C91F84E1A600326769 /* ProfileViewController.swift in Sources */,
				EB9A94871F9872F0008334F3 /* Pets.swift in Sources */,
				EBE551821F751D0E00B1F2AA /* ViewController.swift in Sources */,
				EB08C4A61F7E391800BF5D39 /* avatarPicker.swift in Sources */,
				EBE551801F751D0E00B1F2AA /* AppDelegate.swift in Sources */,
				EB0AE3DF1F97A88E009D3978 /* Cell.swift in Sources */,
				EB9A94961F99CF0B008334F3 /* CreateViewController.swift in Sources */,
				EBE551961F7529CD00B1F2AA /* SignUpViewController.swift in Sources */,
				EBE551941F75284400B1F2AA /* StartViewController.swift in Sources */,
				EB9A948F1F99C513008334F3 /* PetViewController.swift in Sources */,
			);
			runOnlyForDeploymentPostprocessing = 0;
		};
/* End PBXSourcesBuildPhase section */

/* Begin PBXVariantGroup section */
		EBE551831F751D0E00B1F2AA /* Main.storyboard */ = {
			isa = PBXVariantGroup;
			children = (
				EBE551841F751D0E00B1F2AA /* Base */,
			);
			name = Main.storyboard;
			sourceTree = "<group>";
		};
		EBE551881F751D0E00B1F2AA /* LaunchScreen.storyboard */ = {
			isa = PBXVariantGroup;
			children = (
				EBE551891F751D0E00B1F2AA /* Base */,
			);
			name = LaunchScreen.storyboard;
			sourceTree = "<group>";
		};
/* End PBXVariantGroup section */

/* Begin XCBuildConfiguration section */
		EBE5518C1F751D0E00B1F2AA /* Debug */ = {
			isa = XCBuildConfiguration;
			buildSettings = {
				ALWAYS_SEARCH_USER_PATHS = NO;
				CLANG_ANALYZER_NONNULL = YES;
				CLANG_ANALYZER_NUMBER_OBJECT_CONVERSION = YES_AGGRESSIVE;
				CLANG_CXX_LANGUAGE_STANDARD = "gnu++14";
				CLANG_CXX_LIBRARY = "libc++";
				CLANG_ENABLE_MODULES = YES;
				CLANG_ENABLE_OBJC_ARC = YES;
				CLANG_WARN_BLOCK_CAPTURE_AUTORELEASING = YES;
				CLANG_WARN_BOOL_CONVERSION = YES;
				CLANG_WARN_COMMA = YES;
				CLANG_WARN_CONSTANT_CONVERSION = YES;
				CLANG_WARN_DIRECT_OBJC_ISA_USAGE = YES_ERROR;
				CLANG_WARN_DOCUMENTATION_COMMENTS = YES;
				CLANG_WARN_EMPTY_BODY = YES;
				CLANG_WARN_ENUM_CONVERSION = YES;
				CLANG_WARN_INFINITE_RECURSION = YES;
				CLANG_WARN_INT_CONVERSION = YES;
				CLANG_WARN_NON_LITERAL_NULL_CONVERSION = YES;
				CLANG_WARN_OBJC_LITERAL_CONVERSION = YES;
				CLANG_WARN_OBJC_ROOT_CLASS = YES_ERROR;
				CLANG_WARN_RANGE_LOOP_ANALYSIS = YES;
				CLANG_WARN_STRICT_PROTOTYPES = YES;
				CLANG_WARN_SUSPICIOUS_MOVE = YES;
				CLANG_WARN_UNGUARDED_AVAILABILITY = YES_AGGRESSIVE;
				CLANG_WARN_UNREACHABLE_CODE = YES;
				CLANG_WARN__DUPLICATE_METHOD_MATCH = YES;
				CODE_SIGN_IDENTITY = "iPhone Developer";
				COPY_PHASE_STRIP = NO;
				DEBUG_INFORMATION_FORMAT = dwarf;
				ENABLE_STRICT_OBJC_MSGSEND = YES;
				ENABLE_TESTABILITY = YES;
				GCC_C_LANGUAGE_STANDARD = gnu11;
				GCC_DYNAMIC_NO_PIC = NO;
				GCC_NO_COMMON_BLOCKS = YES;
				GCC_OPTIMIZATION_LEVEL = 0;
				GCC_PREPROCESSOR_DEFINITIONS = (
					"DEBUG=1",
					"$(inherited)",
				);
				GCC_WARN_64_TO_32_BIT_CONVERSION = YES;
				GCC_WARN_ABOUT_RETURN_TYPE = YES_ERROR;
				GCC_WARN_UNDECLARED_SELECTOR = YES;
				GCC_WARN_UNINITIALIZED_AUTOS = YES_AGGRESSIVE;
				GCC_WARN_UNUSED_FUNCTION = YES;
				GCC_WARN_UNUSED_VARIABLE = YES;
				IPHONEOS_DEPLOYMENT_TARGET = 11.0;
				MTL_ENABLE_DEBUG_INFO = YES;
				ONLY_ACTIVE_ARCH = YES;
				SDKROOT = iphoneos;
				SWIFT_ACTIVE_COMPILATION_CONDITIONS = DEBUG;
				SWIFT_OPTIMIZATION_LEVEL = "-Onone";
			};
			name = Debug;
		};
		EBE5518D1F751D0E00B1F2AA /* Release */ = {
			isa = XCBuildConfiguration;
			buildSettings = {
				ALWAYS_SEARCH_USER_PATHS = NO;
				CLANG_ANALYZER_NONNULL = YES;
				CLANG_ANALYZER_NUMBER_OBJECT_CONVERSION = YES_AGGRESSIVE;
				CLANG_CXX_LANGUAGE_STANDARD = "gnu++14";
				CLANG_CXX_LIBRARY = "libc++";
				CLANG_ENABLE_MODULES = YES;
				CLANG_ENABLE_OBJC_ARC = YES;
				CLANG_WARN_BLOCK_CAPTURE_AUTORELEASING = YES;
				CLANG_WARN_BOOL_CONVERSION = YES;
				CLANG_WARN_COMMA = YES;
				CLANG_WARN_CONSTANT_CONVERSION = YES;
				CLANG_WARN_DIRECT_OBJC_ISA_USAGE = YES_ERROR;
				CLANG_WARN_DOCUMENTATION_COMMENTS = YES;
				CLANG_WARN_EMPTY_BODY = YES;
				CLANG_WARN_ENUM_CONVERSION = YES;
				CLANG_WARN_INFINITE_RECURSION = YES;
				CLANG_WARN_INT_CONVERSION = YES;
				CLANG_WARN_NON_LITERAL_NULL_CONVERSION = YES;
				CLANG_WARN_OBJC_LITERAL_CONVERSION = YES;
				CLANG_WARN_OBJC_ROOT_CLASS = YES_ERROR;
				CLANG_WARN_RANGE_LOOP_ANALYSIS = YES;
				CLANG_WARN_STRICT_PROTOTYPES = YES;
				CLANG_WARN_SUSPICIOUS_MOVE = YES;
				CLANG_WARN_UNGUARDED_AVAILABILITY = YES_AGGRESSIVE;
				CLANG_WARN_UNREACHABLE_CODE = YES;
				CLANG_WARN__DUPLICATE_METHOD_MATCH = YES;
				CODE_SIGN_IDENTITY = "iPhone Developer";
				COPY_PHASE_STRIP = NO;
				DEBUG_INFORMATION_FORMAT = "dwarf-with-dsym";
				ENABLE_NS_ASSERTIONS = NO;
				ENABLE_STRICT_OBJC_MSGSEND = YES;
				GCC_C_LANGUAGE_STANDARD = gnu11;
				GCC_NO_COMMON_BLOCKS = YES;
				GCC_WARN_64_TO_32_BIT_CONVERSION = YES;
				GCC_WARN_ABOUT_RETURN_TYPE = YES_ERROR;
				GCC_WARN_UNDECLARED_SELECTOR = YES;
				GCC_WARN_UNINITIALIZED_AUTOS = YES_AGGRESSIVE;
				GCC_WARN_UNUSED_FUNCTION = YES;
				GCC_WARN_UNUSED_VARIABLE = YES;
				IPHONEOS_DEPLOYMENT_TARGET = 11.0;
				MTL_ENABLE_DEBUG_INFO = NO;
				SDKROOT = iphoneos;
				SWIFT_OPTIMIZATION_LEVEL = "-Owholemodule";
				VALIDATE_PRODUCT = YES;
			};
			name = Release;
		};
		EBE5518F1F751D0E00B1F2AA /* Debug */ = {
			isa = XCBuildConfiguration;
			baseConfigurationReference = 6442BC8A2C9A29C2DB986EB6 /* Pods-LoginFirebase.debug.xcconfig */;
			buildSettings = {
				ASSETCATALOG_COMPILER_APPICON_NAME = AppIcon;
				CODE_SIGN_STYLE = Automatic;
				DEVELOPMENT_TEAM = 848B6K27TX;
				INFOPLIST_FILE = Info.plist;
				LD_RUNPATH_SEARCH_PATHS = "$(inherited) @executable_path/Frameworks";
				PRODUCT_BUNDLE_IDENTIFIER = Namaka.Firebase;
				PRODUCT_NAME = "$(TARGET_NAME)";
				SWIFT_VERSION = 4.0;
				TARGETED_DEVICE_FAMILY = "1,2";
			};
			name = Debug;
		};
		EBE551901F751D0E00B1F2AA /* Release */ = {
			isa = XCBuildConfiguration;
			baseConfigurationReference = F41211E3BBBFDA59EA613769 /* Pods-LoginFirebase.release.xcconfig */;
			buildSettings = {
				ASSETCATALOG_COMPILER_APPICON_NAME = AppIcon;
				CODE_SIGN_STYLE = Automatic;
				DEVELOPMENT_TEAM = 848B6K27TX;
				INFOPLIST_FILE = Info.plist;
				LD_RUNPATH_SEARCH_PATHS = "$(inherited) @executable_path/Frameworks";
				PRODUCT_BUNDLE_IDENTIFIER = Namaka.Firebase;
				PRODUCT_NAME = "$(TARGET_NAME)";
				SWIFT_VERSION = 4.0;
				TARGETED_DEVICE_FAMILY = "1,2";
			};
			name = Release;
		};
/* End XCBuildConfiguration section */

/* Begin XCConfigurationList section */
		EBE551771F751D0E00B1F2AA /* Build configuration list for PBXProject "LoginFirebase" */ = {
			isa = XCConfigurationList;
			buildConfigurations = (
				EBE5518C1F751D0E00B1F2AA /* Debug */,
				EBE5518D1F751D0E00B1F2AA /* Release */,
			);
			defaultConfigurationIsVisible = 0;
			defaultConfigurationName = Release;
		};
		EBE5518E1F751D0E00B1F2AA /* Build configuration list for PBXNativeTarget "LoginFirebase" */ = {
			isa = XCConfigurationList;
			buildConfigurations = (
				EBE5518F1F751D0E00B1F2AA /* Debug */,
				EBE551901F751D0E00B1F2AA /* Release */,
			);
			defaultConfigurationIsVisible = 0;
			defaultConfigurationName = Release;
		};
/* End XCConfigurationList section */
	};
	rootObject = EBE551741F751D0E00B1F2AA /* Project object */;
}
